
Microsoft Visual Studio Solution File, Format Version 12.00
# Visual Studio 15
VisualStudioVersion = 15.0.27703.2042
MinimumVisualStudioVersion = 10.0.40219.1
Project("{2150E333-8FDC-42A3-9474-1A3956D46DE8}") = "src", "src", "{02E1D0F1-A400-4AFF-87CF-AA4D291BEC0A}"
EndProject
Project("{FAE04EC0-301F-11D3-BF4B-00C04F79EFBC}") = "ppldispatchapp1", "ppldispatchapp1\ppldispatchapp1\ppldispatchapp1.csproj", "{2A29EF12-9A3D-4E68-86DA-42641FEC318C}"
EndProject
Project("{FAE04EC0-301F-11D3-BF4B-00C04F79EFBC}") = "DAL", "ppldispatchapp1\DAL\DAL.csproj", "{E5C182C2-5D78-474D-B2E0-13377F1A106C}"
EndProject
Global
	GlobalSection(SolutionConfigurationPlatforms) = preSolution
		Debug|Any CPU = Debug|Any CPU
		Release|Any CPU = Release|Any CPU
	EndGlobalSection
	GlobalSection(ProjectConfigurationPlatforms) = postSolution
		{2A29EF12-9A3D-4E68-86DA-42641FEC318C}.Debug|Any CPU.ActiveCfg = Debug|Any CPU
		{2A29EF12-9A3D-4E68-86DA-42641FEC318C}.Debug|Any CPU.Build.0 = Debug|Any CPU
		{2A29EF12-9A3D-4E68-86DA-42641FEC318C}.Release|Any CPU.ActiveCfg = Release|Any CPU
		{2A29EF12-9A3D-4E68-86DA-42641FEC318C}.Release|Any CPU.Build.0 = Release|Any CPU
		{E5C182C2-5D78-474D-B2E0-13377F1A106C}.Debug|Any CPU.ActiveCfg = Debug|Any CPU
		{E5C182C2-5D78-474D-B2E0-13377F1A106C}.Debug|Any CPU.Build.0 = Debug|Any CPU
		{E5C182C2-5D78-474D-B2E0-13377F1A106C}.Release|Any CPU.ActiveCfg = Release|Any CPU
		{E5C182C2-5D78-474D-B2E0-13377F1A106C}.Release|Any CPU.Build.0 = Release|Any CPU
	EndGlobalSection
	GlobalSection(SolutionProperties) = preSolution
		HideSolutionNode = FALSE
	EndGlobalSection
	GlobalSection(NestedProjects) = preSolution
		{2A29EF12-9A3D-4E68-86DA-42641FEC318C} = {02E1D0F1-A400-4AFF-87CF-AA4D291BEC0A}
		{E5C182C2-5D78-474D-B2E0-13377F1A106C} = {02E1D0F1-A400-4AFF-87CF-AA4D291BEC0A}
	EndGlobalSection
	GlobalSection(ExtensibilityGlobals) = postSolution
		SolutionGuid = {5B257183-0C72-4594-AC3A-532D55BAE442}
	EndGlobalSection
EndGlobal
